
Microsoft Visual Studio Solution File, Format Version 12.00
# Visual Studio Version 16
VisualStudioVersion = 16.0.30907.101
MinimumVisualStudioVersion = 10.0.40219.1
Project("{FAE04EC0-301F-11D3-BF4B-00C04F79EFBC}") = "Retail Price", "Retail Price\Retail Price.csproj", "{9B236A3E-DAFB-4C56-9381-1A4729F17DCB}"
EndProject
Global
	GlobalSection(SolutionConfigurationPlatforms) = preSolution
		Debug|Any CPU = Debug|Any CPU
		Release|Any CPU = Release|Any CPU
	EndGlobalSection
	GlobalSection(ProjectConfigurationPlatforms) = postSolution
		{9B236A3E-DAFB-4C56-9381-1A4729F17DCB}.Debug|Any CPU.ActiveCfg = Debug|Any CPU
		{9B236A3E-DAFB-4C56-9381-1A4729F17DCB}.Debug|Any CPU.Build.0 = Debug|Any CPU
		{9B236A3E-DAFB-4C56-9381-1A4729F17DCB}.Release|Any CPU.ActiveCfg = Release|Any CPU
		{9B236A3E-DAFB-4C56-9381-1A4729F17DCB}.Release|Any CPU.Build.0 = Release|Any CPU
	EndGlobalSection
	GlobalSection(SolutionProperties) = preSolution
		HideSolutionNode = FALSE
	EndGlobalSection
	GlobalSection(ExtensibilityGlobals) = postSolution
		SolutionGuid = {9B16D8EB-EB21-4B0E-B5FD-B321CF9E334D}
	EndGlobalSection
EndGlobal
