
Microsoft Visual Studio Solution File, Format Version 12.00
# Visual Studio Version 16
VisualStudioVersion = 16.0.30907.101
MinimumVisualStudioVersion = 10.0.40219.1
Project("{FAE04EC0-301F-11D3-BF4B-00C04F79EFBC}") = "TotalSales", "TotalSales\TotalSales.csproj", "{0E5A9C45-A58A-408B-A17C-E1EE74287B90}"
EndProject
Global
	GlobalSection(SolutionConfigurationPlatforms) = preSolution
		Debug|Any CPU = Debug|Any CPU
		Release|Any CPU = Release|Any CPU
	EndGlobalSection
	GlobalSection(ProjectConfigurationPlatforms) = postSolution
		{0E5A9C45-A58A-408B-A17C-E1EE74287B90}.Debug|Any CPU.ActiveCfg = Debug|Any CPU
		{0E5A9C45-A58A-408B-A17C-E1EE74287B90}.Debug|Any CPU.Build.0 = Debug|Any CPU
		{0E5A9C45-A58A-408B-A17C-E1EE74287B90}.Release|Any CPU.ActiveCfg = Release|Any CPU
		{0E5A9C45-A58A-408B-A17C-E1EE74287B90}.Release|Any CPU.Build.0 = Release|Any CPU
	EndGlobalSection
	GlobalSection(SolutionProperties) = preSolution
		HideSolutionNode = FALSE
	EndGlobalSection
	GlobalSection(ExtensibilityGlobals) = postSolution
		SolutionGuid = {94D981A7-AF75-4467-84C5-B8454D578FA5}
	EndGlobalSection
EndGlobal
