
Microsoft Visual Studio Solution File, Format Version 12.00
# Visual Studio Version 16
VisualStudioVersion = 16.0.31112.23
MinimumVisualStudioVersion = 10.0.40219.1
Project("{FAE04EC0-301F-11D3-BF4B-00C04F79EFBC}") = "WinUI", "WinUI\WinUI.csproj", "{6FDE1705-9AF8-4D51-81E0-93368C892A48}"
EndProject
Project("{FAE04EC0-301F-11D3-BF4B-00C04F79EFBC}") = "EmployeeClassLibrary", "EmployeeClassLibrary\EmployeeClassLibrary.csproj", "{B8173FE4-3BE6-45DA-A1F7-81419AF7C53D}"
EndProject
Global
	GlobalSection(SolutionConfigurationPlatforms) = preSolution
		Debug|Any CPU = Debug|Any CPU
		Release|Any CPU = Release|Any CPU
	EndGlobalSection
	GlobalSection(ProjectConfigurationPlatforms) = postSolution
		{6FDE1705-9AF8-4D51-81E0-93368C892A48}.Debug|Any CPU.ActiveCfg = Debug|Any CPU
		{6FDE1705-9AF8-4D51-81E0-93368C892A48}.Debug|Any CPU.Build.0 = Debug|Any CPU
		{6FDE1705-9AF8-4D51-81E0-93368C892A48}.Release|Any CPU.ActiveCfg = Release|Any CPU
		{6FDE1705-9AF8-4D51-81E0-93368C892A48}.Release|Any CPU.Build.0 = Release|Any CPU
		{B8173FE4-3BE6-45DA-A1F7-81419AF7C53D}.Debug|Any CPU.ActiveCfg = Debug|Any CPU
		{B8173FE4-3BE6-45DA-A1F7-81419AF7C53D}.Debug|Any CPU.Build.0 = Debug|Any CPU
		{B8173FE4-3BE6-45DA-A1F7-81419AF7C53D}.Release|Any CPU.ActiveCfg = Release|Any CPU
		{B8173FE4-3BE6-45DA-A1F7-81419AF7C53D}.Release|Any CPU.Build.0 = Release|Any CPU
	EndGlobalSection
	GlobalSection(SolutionProperties) = preSolution
		HideSolutionNode = FALSE
	EndGlobalSection
	GlobalSection(ExtensibilityGlobals) = postSolution
		SolutionGuid = {99B29BC4-A41B-480E-A489-404328AC51CA}
	EndGlobalSection
EndGlobal
