
Microsoft Visual Studio Solution File, Format Version 12.00
# Visual Studio Version 16
VisualStudioVersion = 16.0.31112.23
MinimumVisualStudioVersion = 10.0.40219.1
Project("{FAE04EC0-301F-11D3-BF4B-00C04F79EFBC}") = "WinUI", "WinUI\WinUI.csproj", "{452E1D06-51D6-472E-A3C0-B2F77E5F1CF9}"
EndProject
Global
	GlobalSection(SolutionConfigurationPlatforms) = preSolution
		Debug|Any CPU = Debug|Any CPU
		Release|Any CPU = Release|Any CPU
	EndGlobalSection
	GlobalSection(ProjectConfigurationPlatforms) = postSolution
		{452E1D06-51D6-472E-A3C0-B2F77E5F1CF9}.Debug|Any CPU.ActiveCfg = Debug|Any CPU
		{452E1D06-51D6-472E-A3C0-B2F77E5F1CF9}.Debug|Any CPU.Build.0 = Debug|Any CPU
		{452E1D06-51D6-472E-A3C0-B2F77E5F1CF9}.Release|Any CPU.ActiveCfg = Release|Any CPU
		{452E1D06-51D6-472E-A3C0-B2F77E5F1CF9}.Release|Any CPU.Build.0 = Release|Any CPU
	EndGlobalSection
	GlobalSection(SolutionProperties) = preSolution
		HideSolutionNode = FALSE
	EndGlobalSection
	GlobalSection(ExtensibilityGlobals) = postSolution
		SolutionGuid = {84579068-7949-4261-A2DC-0F8901400118}
	EndGlobalSection
EndGlobal
